// !$*UTF8*$!
{
	archiveVersion = 1;
	classes = {
	};
	objectVersion = 50;
	objects = {

/* Begin PBXBuildFile section */
		295EA30A24B20A33000668BE /* HomeViewController.swift in Sources */ = {isa = PBXBuildFile; fileRef = 295EA30924B20A33000668BE /* HomeViewController.swift */; };
		295EA30D24B21ADD000668BE /* UIBarButtonItem-extension.swift in Sources */ = {isa = PBXBuildFile; fileRef = 295EA30C24B21ADD000668BE /* UIBarButtonItem-extension.swift */; };
		297FDBD124A9DFFB00F3A593 /* AppDelegate.swift in Sources */ = {isa = PBXBuildFile; fileRef = 297FDBD024A9DFFB00F3A593 /* AppDelegate.swift */; };
		297FDBD324A9DFFB00F3A593 /* SceneDelegate.swift in Sources */ = {isa = PBXBuildFile; fileRef = 297FDBD224A9DFFB00F3A593 /* SceneDelegate.swift */; };
		297FDBD824A9DFFB00F3A593 /* Main.storyboard in Resources */ = {isa = PBXBuildFile; fileRef = 297FDBD624A9DFFB00F3A593 /* Main.storyboard */; };
		297FDBDA24A9DFFB00F3A593 /* Assets.xcassets in Resources */ = {isa = PBXBuildFile; fileRef = 297FDBD924A9DFFB00F3A593 /* Assets.xcassets */; };
		297FDBDD24A9DFFB00F3A593 /* LaunchScreen.storyboard in Resources */ = {isa = PBXBuildFile; fileRef = 297FDBDB24A9DFFB00F3A593 /* LaunchScreen.storyboard */; };
		297FDBEF24A9FDAB00F3A593 /* Home.storyboard in Resources */ = {isa = PBXBuildFile; fileRef = 297FDBED24A9FDAB00F3A593 /* Home.storyboard */; };
		297FDBF124A9FDDB00F3A593 /* Live.storyboard in Resources */ = {isa = PBXBuildFile; fileRef = 297FDBF024A9FDDB00F3A593 /* Live.storyboard */; };
		297FDBF424A9FDF700F3A593 /* Follow.storyboard in Resources */ = {isa = PBXBuildFile; fileRef = 297FDBF224A9FDF700F3A593 /* Follow.storyboard */; };
		297FDBF624A9FE1B00F3A593 /* Profile.storyboard in Resources */ = {isa = PBXBuildFile; fileRef = 297FDBF524A9FE1B00F3A593 /* Profile.storyboard */; };
		297FDBF824AA00A600F3A593 /* MyViewController.swift in Sources */ = {isa = PBXBuildFile; fileRef = 297FDBF724AA00A600F3A593 /* MyViewController.swift */; };
/* End PBXBuildFile section */

/* Begin PBXFileReference section */
		295EA30924B20A33000668BE /* HomeViewController.swift */ = {isa = PBXFileReference; lastKnownFileType = sourcecode.swift; path = HomeViewController.swift; sourceTree = "<group>"; };
		295EA30C24B21ADD000668BE /* UIBarButtonItem-extension.swift */ = {isa = PBXFileReference; lastKnownFileType = sourcecode.swift; path = "UIBarButtonItem-extension.swift"; sourceTree = "<group>"; };
		297FDBCD24A9DFFB00F3A593 /* DYZB.app */ = {isa = PBXFileReference; explicitFileType = wrapper.application; includeInIndex = 0; path = DYZB.app; sourceTree = BUILT_PRODUCTS_DIR; };
		297FDBD024A9DFFB00F3A593 /* AppDelegate.swift */ = {isa = PBXFileReference; lastKnownFileType = sourcecode.swift; path = AppDelegate.swift; sourceTree = "<group>"; };
		297FDBD224A9DFFB00F3A593 /* SceneDelegate.swift */ = {isa = PBXFileReference; lastKnownFileType = sourcecode.swift; path = SceneDelegate.swift; sourceTree = "<group>"; };
		297FDBD724A9DFFB00F3A593 /* Base */ = {isa = PBXFileReference; lastKnownFileType = file.storyboard; name = Base; path = Base.lproj/Main.storyboard; sourceTree = "<group>"; };
		297FDBD924A9DFFB00F3A593 /* Assets.xcassets */ = {isa = PBXFileReference; lastKnownFileType = folder.assetcatalog; path = Assets.xcassets; sourceTree = "<group>"; };
		297FDBDC24A9DFFB00F3A593 /* Base */ = {isa = PBXFileReference; lastKnownFileType = file.storyboard; name = Base; path = Base.lproj/LaunchScreen.storyboard; sourceTree = "<group>"; };
		297FDBDE24A9DFFB00F3A593 /* Info.plist */ = {isa = PBXFileReference; lastKnownFileType = text.plist.xml; path = Info.plist; sourceTree = "<group>"; };
		297FDBEE24A9FDAB00F3A593 /* Base */ = {isa = PBXFileReference; lastKnownFileType = file.storyboard; name = Base; path = DYZB/Classes/Main/Base.lproj/Home.storyboard; sourceTree = "<group>"; };
		297FDBF024A9FDDB00F3A593 /* Live.storyboard */ = {isa = PBXFileReference; fileEncoding = 4; lastKnownFileType = file.storyboard; path = Live.storyboard; sourceTree = "<group>"; };
		297FDBF324A9FDF700F3A593 /* Base */ = {isa = PBXFileReference; lastKnownFileType = file.storyboard; name = Base; path = DYZB/Classes/Main/Base.lproj/Follow.storyboard; sourceTree = "<group>"; };
		297FDBF524A9FE1B00F3A593 /* Profile.storyboard */ = {isa = PBXFileReference; fileEncoding = 4; lastKnownFileType = file.storyboard; path = Profile.storyboard; sourceTree = "<group>"; };
		297FDBF724AA00A600F3A593 /* MyViewController.swift */ = {isa = PBXFileReference; lastKnownFileType = sourcecode.swift; path = MyViewController.swift; sourceTree = "<group>"; };
/* End PBXFileReference section */

/* Begin PBXFrameworksBuildPhase section */
		297FDBCA24A9DFFB00F3A593 /* Frameworks */ = {
			isa = PBXFrameworksBuildPhase;
			buildActionMask = 2147483647;
			files = (
			);
			runOnlyForDeploymentPostprocessing = 0;
		};
/* End PBXFrameworksBuildPhase section */

/* Begin PBXGroup section */
		295EA30324B20915000668BE /* View */ = {
			isa = PBXGroup;
			children = (
			);
			path = View;
			sourceTree = "<group>";
		};
		295EA30424B20937000668BE /* Model */ = {
			isa = PBXGroup;
			children = (
			);
			path = Model;
			sourceTree = "<group>";
		};
		295EA30524B20948000668BE /* Controller */ = {
			isa = PBXGroup;
			children = (
				295EA30924B20A33000668BE /* HomeViewController.swift */,
			);
			path = Controller;
			sourceTree = "<group>";
		};
		295EA30624B20974000668BE /* View */ = {
			isa = PBXGroup;
			children = (
			);
			path = View;
			sourceTree = "<group>";
		};
		295EA30724B20985000668BE /* Model */ = {
			isa = PBXGroup;
			children = (
			);
			path = Model;
			sourceTree = "<group>";
		};
		295EA30824B20991000668BE /* Controller */ = {
			isa = PBXGroup;
			children = (
				297FDBD624A9DFFB00F3A593 /* Main.storyboard */,
				297FDBF724AA00A600F3A593 /* MyViewController.swift */,
			);
			path = Controller;
			sourceTree = "<group>";
		};
		295EA30B24B21A92000668BE /* Extension */ = {
			isa = PBXGroup;
			children = (
				295EA30C24B21ADD000668BE /* UIBarButtonItem-extension.swift */,
			);
			path = Extension;
			sourceTree = "<group>";
		};
		297FDBC424A9DFFB00F3A593 = {
			isa = PBXGroup;
			children = (
				297FDBCF24A9DFFB00F3A593 /* DYZB */,
				297FDBCE24A9DFFB00F3A593 /* Products */,
			);
			sourceTree = "<group>";
		};
		297FDBCE24A9DFFB00F3A593 /* Products */ = {
			isa = PBXGroup;
			children = (
				297FDBCD24A9DFFB00F3A593 /* DYZB.app */,
			);
			name = Products;
			sourceTree = "<group>";
		};
		297FDBCF24A9DFFB00F3A593 /* DYZB */ = {
			isa = PBXGroup;
			children = (
				297FDBE624A9F29800F3A593 /* Classes */,
				297FDBD024A9DFFB00F3A593 /* AppDelegate.swift */,
				297FDBD224A9DFFB00F3A593 /* SceneDelegate.swift */,
				297FDBD924A9DFFB00F3A593 /* Assets.xcassets */,
				297FDBDB24A9DFFB00F3A593 /* LaunchScreen.storyboard */,
				297FDBDE24A9DFFB00F3A593 /* Info.plist */,
			);
			path = DYZB;
			sourceTree = "<group>";
		};
		297FDBE624A9F29800F3A593 /* Classes */ = {
			isa = PBXGroup;
			children = (
				297FDBE724A9F30100F3A593 /* Main */,
				297FDBE824A9F30C00F3A593 /* Home */,
				297FDBE924A9F31400F3A593 /* Live */,
				297FDBEA24A9F32500F3A593 /* Follow */,
				297FDBEB24A9F33000F3A593 /* Profile */,
				297FDBEC24A9F33E00F3A593 /* Tools */,
			);
			path = Classes;
			sourceTree = "<group>";
		};
		297FDBE724A9F30100F3A593 /* Main */ = {
			isa = PBXGroup;
			children = (
				295EA30724B20985000668BE /* Model */,
				295EA30624B20974000668BE /* View */,
				295EA30824B20991000668BE /* Controller */,
			);
			path = Main;
			sourceTree = "<group>";
		};
		297FDBE824A9F30C00F3A593 /* Home */ = {
			isa = PBXGroup;
			children = (
				295EA30424B20937000668BE /* Model */,
				295EA30324B20915000668BE /* View */,
				295EA30524B20948000668BE /* Controller */,
				297FDBED24A9FDAB00F3A593 /* Home.storyboard */,
			);
			path = Home;
			sourceTree = "<group>";
		};
		297FDBE924A9F31400F3A593 /* Live */ = {
			isa = PBXGroup;
			children = (
				297FDBF024A9FDDB00F3A593 /* Live.storyboard */,
			);
			path = Live;
			sourceTree = "<group>";
		};
		297FDBEA24A9F32500F3A593 /* Follow */ = {
			isa = PBXGroup;
			children = (
				297FDBF224A9FDF700F3A593 /* Follow.storyboard */,
			);
			path = Follow;
			sourceTree = "<group>";
		};
		297FDBEB24A9F33000F3A593 /* Profile */ = {
			isa = PBXGroup;
			children = (
				297FDBF524A9FE1B00F3A593 /* Profile.storyboard */,
			);
			path = Profile;
			sourceTree = "<group>";
		};
		297FDBEC24A9F33E00F3A593 /* Tools */ = {
			isa = PBXGroup;
			children = (
				295EA30B24B21A92000668BE /* Extension */,
			);
			path = Tools;
			sourceTree = "<group>";
		};
/* End PBXGroup section */

/* Begin PBXNativeTarget section */
		297FDBCC24A9DFFB00F3A593 /* DYZB */ = {
			isa = PBXNativeTarget;
			buildConfigurationList = 297FDBE124A9DFFB00F3A593 /* Build configuration list for PBXNativeTarget "DYZB" */;
			buildPhases = (
				297FDBC924A9DFFB00F3A593 /* Sources */,
				297FDBCA24A9DFFB00F3A593 /* Frameworks */,
				297FDBCB24A9DFFB00F3A593 /* Resources */,
			);
			buildRules = (
			);
			dependencies = (
			);
			name = DYZB;
			productName = DYZB;
			productReference = 297FDBCD24A9DFFB00F3A593 /* DYZB.app */;
			productType = "com.apple.product-type.application";
		};
/* End PBXNativeTarget section */

/* Begin PBXProject section */
		297FDBC524A9DFFB00F3A593 /* Project object */ = {
			isa = PBXProject;
			attributes = {
				LastSwiftUpdateCheck = 1130;
				LastUpgradeCheck = 1130;
				ORGANIZATIONNAME = manlili;
				TargetAttributes = {
					297FDBCC24A9DFFB00F3A593 = {
						CreatedOnToolsVersion = 11.3.1;
					};
				};
			};
			buildConfigurationList = 297FDBC824A9DFFB00F3A593 /* Build configuration list for PBXProject "DYZB" */;
			compatibilityVersion = "Xcode 9.3";
			developmentRegion = en;
			hasScannedForEncodings = 0;
			knownRegions = (
				en,
				Base,
			);
			mainGroup = 297FDBC424A9DFFB00F3A593;
			productRefGroup = 297FDBCE24A9DFFB00F3A593 /* Products */;
			projectDirPath = "";
			projectRoot = "";
			targets = (
				297FDBCC24A9DFFB00F3A593 /* DYZB */,
			);
		};
/* End PBXProject section */

/* Begin PBXResourcesBuildPhase section */
		297FDBCB24A9DFFB00F3A593 /* Resources */ = {
			isa = PBXResourcesBuildPhase;
			buildActionMask = 2147483647;
			files = (
				297FDBDD24A9DFFB00F3A593 /* LaunchScreen.storyboard in Resources */,
				297FDBDA24A9DFFB00F3A593 /* Assets.xcassets in Resources */,
				297FDBD824A9DFFB00F3A593 /* Main.storyboard in Resources */,
				297FDBF124A9FDDB00F3A593 /* Live.storyboard in Resources */,
				297FDBEF24A9FDAB00F3A593 /* Home.storyboard in Resources */,
				297FDBF624A9FE1B00F3A593 /* Profile.storyboard in Resources */,
				297FDBF424A9FDF700F3A593 /* Follow.storyboard in Resources */,
			);
			runOnlyForDeploymentPostprocessing = 0;
		};
/* End PBXResourcesBuildPhase section */

/* Begin PBXSourcesBuildPhase section */
		297FDBC924A9DFFB00F3A593 /* Sources */ = {
			isa = PBXSourcesBuildPhase;
			buildActionMask = 2147483647;
			files = (
				297FDBD124A9DFFB00F3A593 /* AppDelegate.swift in Sources */,
				297FDBF824AA00A600F3A593 /* MyViewController.swift in Sources */,
				297FDBD324A9DFFB00F3A593 /* SceneDelegate.swift in Sources */,
				295EA30A24B20A33000668BE /* HomeViewController.swift in Sources */,
				295EA30D24B21ADD000668BE /* UIBarButtonItem-extension.swift in Sources */,
			);
			runOnlyForDeploymentPostprocessing = 0;
		};
/* End PBXSourcesBuildPhase section */

/* Begin PBXVariantGroup section */
		297FDBD624A9DFFB00F3A593 /* Main.storyboard */ = {
			isa = PBXVariantGroup;
			children = (
				297FDBD724A9DFFB00F3A593 /* Base */,
			);
			name = Main.storyboard;
			sourceTree = "<group>";
		};
		297FDBDB24A9DFFB00F3A593 /* LaunchScreen.storyboard */ = {
			isa = PBXVariantGroup;
			children = (
				297FDBDC24A9DFFB00F3A593 /* Base */,
			);
			name = LaunchScreen.storyboard;
			sourceTree = "<group>";
		};
		297FDBED24A9FDAB00F3A593 /* Home.storyboard */ = {
			isa = PBXVariantGroup;
			children = (
				297FDBEE24A9FDAB00F3A593 /* Base */,
			);
			name = Home.storyboard;
			sourceTree = "<group>";
		};
		297FDBF224A9FDF700F3A593 /* Follow.storyboard */ = {
			isa = PBXVariantGroup;
			children = (
				297FDBF324A9FDF700F3A593 /* Base */,
			);
			name = Follow.storyboard;
			sourceTree = "<group>";
		};
/* End PBXVariantGroup section */

/* Begin XCBuildConfiguration section */
		297FDBDF24A9DFFB00F3A593 /* Debug */ = {
			isa = XCBuildConfiguration;
			buildSettings = {
				ALWAYS_SEARCH_USER_PATHS = NO;
				CLANG_ANALYZER_NONNULL = YES;
				CLANG_ANALYZER_NUMBER_OBJECT_CONVERSION = YES_AGGRESSIVE;
				CLANG_CXX_LANGUAGE_STANDARD = "gnu++14";
				CLANG_CXX_LIBRARY = "libc++";
				CLANG_ENABLE_MODULES = YES;
				CLANG_ENABLE_OBJC_ARC = YES;
				CLANG_ENABLE_OBJC_WEAK = YES;
				CLANG_WARN_BLOCK_CAPTURE_AUTORELEASING = YES;
				CLANG_WARN_BOOL_CONVERSION = YES;
				CLANG_WARN_COMMA = YES;
				CLANG_WARN_CONSTANT_CONVERSION = YES;
				CLANG_WARN_DEPRECATED_OBJC_IMPLEMENTATIONS = YES;
				CLANG_WARN_DIRECT_OBJC_ISA_USAGE = YES_ERROR;
				CLANG_WARN_DOCUMENTATION_COMMENTS = YES;
				CLANG_WARN_EMPTY_BODY = YES;
				CLANG_WARN_ENUM_CONVERSION = YES;
				CLANG_WARN_INFINITE_RECURSION = YES;
				CLANG_WARN_INT_CONVERSION = YES;
				CLANG_WARN_NON_LITERAL_NULL_CONVERSION = YES;
				CLANG_WARN_OBJC_IMPLICIT_RETAIN_SELF = YES;
				CLANG_WARN_OBJC_LITERAL_CONVERSION = YES;
				CLANG_WARN_OBJC_ROOT_CLASS = YES_ERROR;
				CLANG_WARN_RANGE_LOOP_ANALYSIS = YES;
				CLANG_WARN_STRICT_PROTOTYPES = YES;
				CLANG_WARN_SUSPICIOUS_MOVE = YES;
				CLANG_WARN_UNGUARDED_AVAILABILITY = YES_AGGRESSIVE;
				CLANG_WARN_UNREACHABLE_CODE = YES;
				CLANG_WARN__DUPLICATE_METHOD_MATCH = YES;
				COPY_PHASE_STRIP = NO;
				DEBUG_INFORMATION_FORMAT = dwarf;
				ENABLE_STRICT_OBJC_MSGSEND = YES;
				ENABLE_TESTABILITY = YES;
				GCC_C_LANGUAGE_STANDARD = gnu11;
				GCC_DYNAMIC_NO_PIC = NO;
				GCC_NO_COMMON_BLOCKS = YES;
				GCC_OPTIMIZATION_LEVEL = 0;
				GCC_PREPROCESSOR_DEFINITIONS = (
					"DEBUG=1",
					"$(inherited)",
				);
				GCC_WARN_64_TO_32_BIT_CONVERSION = YES;
				GCC_WARN_ABOUT_RETURN_TYPE = YES_ERROR;
				GCC_WARN_UNDECLARED_SELECTOR = YES;
				GCC_WARN_UNINITIALIZED_AUTOS = YES_AGGRESSIVE;
				GCC_WARN_UNUSED_FUNCTION = YES;
				GCC_WARN_UNUSED_VARIABLE = YES;
				IPHONEOS_DEPLOYMENT_TARGET = 13.2;
				MTL_ENABLE_DEBUG_INFO = INCLUDE_SOURCE;
				MTL_FAST_MATH = YES;
				ONLY_ACTIVE_ARCH = YES;
				SDKROOT = iphoneos;
				SWIFT_ACTIVE_COMPILATION_CONDITIONS = DEBUG;
				SWIFT_OPTIMIZATION_LEVEL = "-Onone";
			};
			name = Debug;
		};
		297FDBE024A9DFFB00F3A593 /* Release */ = {
			isa = XCBuildConfiguration;
			buildSettings = {
				ALWAYS_SEARCH_USER_PATHS = NO;
				CLANG_ANALYZER_NONNULL = YES;
				CLANG_ANALYZER_NUMBER_OBJECT_CONVERSION = YES_AGGRESSIVE;
				CLANG_CXX_LANGUAGE_STANDARD = "gnu++14";
				CLANG_CXX_LIBRARY = "libc++";
				CLANG_ENABLE_MODULES = YES;
				CLANG_ENABLE_OBJC_ARC = YES;
				CLANG_ENABLE_OBJC_WEAK = YES;
				CLANG_WARN_BLOCK_CAPTURE_AUTORELEASING = YES;
				CLANG_WARN_BOOL_CONVERSION = YES;
				CLANG_WARN_COMMA = YES;
				CLANG_WARN_CONSTANT_CONVERSION = YES;
				CLANG_WARN_DEPRECATED_OBJC_IMPLEMENTATIONS = YES;
				CLANG_WARN_DIRECT_OBJC_ISA_USAGE = YES_ERROR;
				CLANG_WARN_DOCUMENTATION_COMMENTS = YES;
				CLANG_WARN_EMPTY_BODY = YES;
				CLANG_WARN_ENUM_CONVERSION = YES;
				CLANG_WARN_INFINITE_RECURSION = YES;
				CLANG_WARN_INT_CONVERSION = YES;
				CLANG_WARN_NON_LITERAL_NULL_CONVERSION = YES;
				CLANG_WARN_OBJC_IMPLICIT_RETAIN_SELF = YES;
				CLANG_WARN_OBJC_LITERAL_CONVERSION = YES;
				CLANG_WARN_OBJC_ROOT_CLASS = YES_ERROR;
				CLANG_WARN_RANGE_LOOP_ANALYSIS = YES;
				CLANG_WARN_STRICT_PROTOTYPES = YES;
				CLANG_WARN_SUSPICIOUS_MOVE = YES;
				CLANG_WARN_UNGUARDED_AVAILABILITY = YES_AGGRESSIVE;
				CLANG_WARN_UNREACHABLE_CODE = YES;
				CLANG_WARN__DUPLICATE_METHOD_MATCH = YES;
				COPY_PHASE_STRIP = NO;
				DEBUG_INFORMATION_FORMAT = "dwarf-with-dsym";
				ENABLE_NS_ASSERTIONS = NO;
				ENABLE_STRICT_OBJC_MSGSEND = YES;
				GCC_C_LANGUAGE_STANDARD = gnu11;
				GCC_NO_COMMON_BLOCKS = YES;
				GCC_WARN_64_TO_32_BIT_CONVERSION = YES;
				GCC_WARN_ABOUT_RETURN_TYPE = YES_ERROR;
				GCC_WARN_UNDECLARED_SELECTOR = YES;
				GCC_WARN_UNINITIALIZED_AUTOS = YES_AGGRESSIVE;
				GCC_WARN_UNUSED_FUNCTION = YES;
				GCC_WARN_UNUSED_VARIABLE = YES;
				IPHONEOS_DEPLOYMENT_TARGET = 13.2;
				MTL_ENABLE_DEBUG_INFO = NO;
				MTL_FAST_MATH = YES;
				SDKROOT = iphoneos;
				SWIFT_COMPILATION_MODE = wholemodule;
				SWIFT_OPTIMIZATION_LEVEL = "-O";
				VALIDATE_PRODUCT = YES;
			};
			name = Release;
		};
		297FDBE224A9DFFB00F3A593 /* Debug */ = {
			isa = XCBuildConfiguration;
			buildSettings = {
				ASSETCATALOG_COMPILER_APPICON_NAME = AppIcon;
				CODE_SIGN_STYLE = Automatic;
				DEVELOPMENT_TEAM = QY46W96KDS;
				INFOPLIST_FILE = DYZB/Info.plist;
				IPHONEOS_DEPLOYMENT_TARGET = 8.0;
				LD_RUNPATH_SEARCH_PATHS = (
					"$(inherited)",
					"@executable_path/Frameworks",
				);
				PRODUCT_BUNDLE_IDENTIFIER = com.xiaoman.DYZB;
				PRODUCT_NAME = "$(TARGET_NAME)";
				SWIFT_VERSION = 5.0;
				TARGETED_DEVICE_FAMILY = 1;
			};
			name = Debug;
		};
		297FDBE324A9DFFB00F3A593 /* Release */ = {
			isa = XCBuildConfiguration;
			buildSettings = {
				ASSETCATALOG_COMPILER_APPICON_NAME = AppIcon;
				CODE_SIGN_STYLE = Automatic;
				DEVELOPMENT_TEAM = QY46W96KDS;
				INFOPLIST_FILE = DYZB/Info.plist;
				IPHONEOS_DEPLOYMENT_TARGET = 8.0;
				LD_RUNPATH_SEARCH_PATHS = (
					"$(inherited)",
					"@executable_path/Frameworks",
				);
				PRODUCT_BUNDLE_IDENTIFIER = com.xiaoman.DYZB;
				PRODUCT_NAME = "$(TARGET_NAME)";
				SWIFT_VERSION = 5.0;
				TARGETED_DEVICE_FAMILY = 1;
			};
			name = Release;
		};
/* End XCBuildConfiguration section */

/* Begin XCConfigurationList section */
		297FDBC824A9DFFB00F3A593 /* Build configuration list for PBXProject "DYZB" */ = {
			isa = XCConfigurationList;
			buildConfigurations = (
				297FDBDF24A9DFFB00F3A593 /* Debug */,
				297FDBE024A9DFFB00F3A593 /* Release */,
			);
			defaultConfigurationIsVisible = 0;
			defaultConfigurationName = Release;
		};
		297FDBE124A9DFFB00F3A593 /* Build configuration list for PBXNativeTarget "DYZB" */ = {
			isa = XCConfigurationList;
			buildConfigurations = (
				297FDBE224A9DFFB00F3A593 /* Debug */,
				297FDBE324A9DFFB00F3A593 /* Release */,
			);
			defaultConfigurationIsVisible = 0;
			defaultConfigurationName = Release;
		};
/* End XCConfigurationList section */
	};
	rootObject = 297FDBC524A9DFFB00F3A593 /* Project object */;
}
